
Microsoft Visual Studio Solution File, Format Version 12.00
# Visual Studio 15
VisualStudioVersion = 15.0.27703.2018
MinimumVisualStudioVersion = 10.0.40219.1
Project("{FAE04EC0-301F-11D3-BF4B-00C04F79EFBC}") = "PaymentForAnApartment", "PaymentForAnApartment\PaymentForAnApartment.csproj", "{68D7AA3C-5A4A-428E-B1E6-7A125718EC58}"
EndProject
Global
	GlobalSection(SolutionConfigurationPlatforms) = preSolution
		Debug|Any CPU = Debug|Any CPU
		Release|Any CPU = Release|Any CPU
	EndGlobalSection
	GlobalSection(ProjectConfigurationPlatforms) = postSolution
		{68D7AA3C-5A4A-428E-B1E6-7A125718EC58}.Debug|Any CPU.ActiveCfg = Debug|Any CPU
		{68D7AA3C-5A4A-428E-B1E6-7A125718EC58}.Debug|Any CPU.Build.0 = Debug|Any CPU
		{68D7AA3C-5A4A-428E-B1E6-7A125718EC58}.Release|Any CPU.ActiveCfg = Release|Any CPU
		{68D7AA3C-5A4A-428E-B1E6-7A125718EC58}.Release|Any CPU.Build.0 = Release|Any CPU
	EndGlobalSection
	GlobalSection(SolutionProperties) = preSolution
		HideSolutionNode = FALSE
	EndGlobalSection
	GlobalSection(ExtensibilityGlobals) = postSolution
		SolutionGuid = {6374439F-99A5-4E16-AB7F-E47BC71EE52F}
	EndGlobalSection
EndGlobal
